
Microsoft Visual Studio Solution File, Format Version 12.00
Project("{FAE04EC0-301F-11D3-BF4B-00C04F79EFBC}") = "LinuxProcessUtils", "LinuxProcessUtils\LinuxProcessUtils.csproj", "{EDF538FC-5FDD-457B-89F6-7561010987D1}"
EndProject
Project("{FAE04EC0-301F-11D3-BF4B-00C04F79EFBC}") = "TestProject1", "TestProject1\TestProject1.csproj", "{28CA27F7-6282-4BA0-9B0D-1F375622B30D}"
EndProject
Global
	GlobalSection(SolutionConfigurationPlatforms) = preSolution
		Debug|Any CPU = Debug|Any CPU
		Release|Any CPU = Release|Any CPU
	EndGlobalSection
	GlobalSection(ProjectConfigurationPlatforms) = postSolution
		{EDF538FC-5FDD-457B-89F6-7561010987D1}.Debug|Any CPU.ActiveCfg = Debug|Any CPU
		{EDF538FC-5FDD-457B-89F6-7561010987D1}.Debug|Any CPU.Build.0 = Debug|Any CPU
		{EDF538FC-5FDD-457B-89F6-7561010987D1}.Release|Any CPU.ActiveCfg = Release|Any CPU
		{EDF538FC-5FDD-457B-89F6-7561010987D1}.Release|Any CPU.Build.0 = Release|Any CPU
		{28CA27F7-6282-4BA0-9B0D-1F375622B30D}.Debug|Any CPU.ActiveCfg = Debug|Any CPU
		{28CA27F7-6282-4BA0-9B0D-1F375622B30D}.Debug|Any CPU.Build.0 = Debug|Any CPU
		{28CA27F7-6282-4BA0-9B0D-1F375622B30D}.Release|Any CPU.ActiveCfg = Release|Any CPU
		{28CA27F7-6282-4BA0-9B0D-1F375622B30D}.Release|Any CPU.Build.0 = Release|Any CPU
	EndGlobalSection
EndGlobal
